
Microsoft Visual Studio Solution File, Format Version 12.00
# Visual Studio Version 16
VisualStudioVersion = 16.0.31005.135
MinimumVisualStudioVersion = 10.0.40219.1
Project("{FAE04EC0-301F-11D3-BF4B-00C04F79EFBC}") = "WindowsFormsApp21", "WindowsFormsApp21\WindowsFormsApp21.csproj", "{8BF53ED3-86B3-42A0-AC6D-62FCA505820F}"
EndProject
Global
	GlobalSection(SolutionConfigurationPlatforms) = preSolution
		Debug|Any CPU = Debug|Any CPU
		Release|Any CPU = Release|Any CPU
	EndGlobalSection
	GlobalSection(ProjectConfigurationPlatforms) = postSolution
		{8BF53ED3-86B3-42A0-AC6D-62FCA505820F}.Debug|Any CPU.ActiveCfg = Debug|Any CPU
		{8BF53ED3-86B3-42A0-AC6D-62FCA505820F}.Debug|Any CPU.Build.0 = Debug|Any CPU
		{8BF53ED3-86B3-42A0-AC6D-62FCA505820F}.Release|Any CPU.ActiveCfg = Release|Any CPU
		{8BF53ED3-86B3-42A0-AC6D-62FCA505820F}.Release|Any CPU.Build.0 = Release|Any CPU
	EndGlobalSection
	GlobalSection(SolutionProperties) = preSolution
		HideSolutionNode = FALSE
	EndGlobalSection
	GlobalSection(ExtensibilityGlobals) = postSolution
		SolutionGuid = {A6398705-8A03-4601-8AE8-7BAAE3D51E49}
	EndGlobalSection
EndGlobal
